// !$*UTF8*$!
{
	archiveVersion = 1;
	classes = {
	};
	objectVersion = 48;
	objects = {

/* Begin PBXBuildFile section */
		EEACEE471F2BCF7100E9BBD8 /* AppDelegate.swift in Sources */ = {isa = PBXBuildFile; fileRef = EEACEE461F2BCF7100E9BBD8 /* AppDelegate.swift */; };
		EEACEE491F2BCF7100E9BBD8 /* WelcomeVC.swift in Sources */ = {isa = PBXBuildFile; fileRef = EEACEE481F2BCF7100E9BBD8 /* WelcomeVC.swift */; };
		EEACEE4C1F2BCF7100E9BBD8 /* Main.storyboard in Resources */ = {isa = PBXBuildFile; fileRef = EEACEE4A1F2BCF7100E9BBD8 /* Main.storyboard */; };
		EEACEE4E1F2BCF7100E9BBD8 /* Assets.xcassets in Resources */ = {isa = PBXBuildFile; fileRef = EEACEE4D1F2BCF7100E9BBD8 /* Assets.xcassets */; };
		EEACEE511F2BCF7100E9BBD8 /* LaunchScreen.storyboard in Resources */ = {isa = PBXBuildFile; fileRef = EEACEE4F1F2BCF7100E9BBD8 /* LaunchScreen.storyboard */; };
		EEACEE5A1F2C02AA00E9BBD8 /* BorderButton.swift in Sources */ = {isa = PBXBuildFile; fileRef = EEACEE591F2C02AA00E9BBD8 /* BorderButton.swift */; };
		EEACEE5E1F2C39B400E9BBD8 /* LeagueVC.swift in Sources */ = {isa = PBXBuildFile; fileRef = EEACEE5D1F2C39B400E9BBD8 /* LeagueVC.swift */; };
		EEACEE601F2C39CA00E9BBD8 /* SkillVC.swift in Sources */ = {isa = PBXBuildFile; fileRef = EEACEE5F1F2C39CA00E9BBD8 /* SkillVC.swift */; };
		EEACEE621F2C3FDF00E9BBD8 /* Player.swift in Sources */ = {isa = PBXBuildFile; fileRef = EEACEE611F2C3FDF00E9BBD8 /* Player.swift */; };
/* End PBXBuildFile section */

/* Begin PBXFileReference section */
		EEACEE431F2BCF7100E9BBD8 /* Swoosh.app */ = {isa = PBXFileReference; explicitFileType = wrapper.application; includeInIndex = 0; path = Swoosh.app; sourceTree = BUILT_PRODUCTS_DIR; };
		EEACEE461F2BCF7100E9BBD8 /* AppDelegate.swift */ = {isa = PBXFileReference; lastKnownFileType = sourcecode.swift; path = AppDelegate.swift; sourceTree = "<group>"; };
		EEACEE481F2BCF7100E9BBD8 /* WelcomeVC.swift */ = {isa = PBXFileReference; lastKnownFileType = sourcecode.swift; path = WelcomeVC.swift; sourceTree = "<group>"; };
		EEACEE4B1F2BCF7100E9BBD8 /* Base */ = {isa = PBXFileReference; lastKnownFileType = file.storyboard; name = Base; path = Base.lproj/Main.storyboard; sourceTree = "<group>"; };
		EEACEE4D1F2BCF7100E9BBD8 /* Assets.xcassets */ = {isa = PBXFileReference; lastKnownFileType = folder.assetcatalog; path = Assets.xcassets; sourceTree = "<group>"; };
		EEACEE501F2BCF7100E9BBD8 /* Base */ = {isa = PBXFileReference; lastKnownFileType = file.storyboard; name = Base; path = Base.lproj/LaunchScreen.storyboard; sourceTree = "<group>"; };
		EEACEE521F2BCF7100E9BBD8 /* Info.plist */ = {isa = PBXFileReference; lastKnownFileType = text.plist.xml; path = Info.plist; sourceTree = "<group>"; };
		EEACEE591F2C02AA00E9BBD8 /* BorderButton.swift */ = {isa = PBXFileReference; lastKnownFileType = sourcecode.swift; path = BorderButton.swift; sourceTree = "<group>"; };
		EEACEE5D1F2C39B400E9BBD8 /* LeagueVC.swift */ = {isa = PBXFileReference; lastKnownFileType = sourcecode.swift; path = LeagueVC.swift; sourceTree = "<group>"; };
		EEACEE5F1F2C39CA00E9BBD8 /* SkillVC.swift */ = {isa = PBXFileReference; lastKnownFileType = sourcecode.swift; path = SkillVC.swift; sourceTree = "<group>"; };
		EEACEE611F2C3FDF00E9BBD8 /* Player.swift */ = {isa = PBXFileReference; lastKnownFileType = sourcecode.swift; path = Player.swift; sourceTree = "<group>"; };
/* End PBXFileReference section */

/* Begin PBXFrameworksBuildPhase section */
		EEACEE401F2BCF7000E9BBD8 /* Frameworks */ = {
			isa = PBXFrameworksBuildPhase;
			buildActionMask = 2147483647;
			files = (
			);
			runOnlyForDeploymentPostprocessing = 0;
		};
/* End PBXFrameworksBuildPhase section */

/* Begin PBXGroup section */
		EEACEE3A1F2BCF7000E9BBD8 = {
			isa = PBXGroup;
			children = (
				EEACEE451F2BCF7100E9BBD8 /* Swoosh */,
				EEACEE441F2BCF7100E9BBD8 /* Products */,
			);
			sourceTree = "<group>";
		};
		EEACEE441F2BCF7100E9BBD8 /* Products */ = {
			isa = PBXGroup;
			children = (
				EEACEE431F2BCF7100E9BBD8 /* Swoosh.app */,
			);
			name = Products;
			sourceTree = "<group>";
		};
		EEACEE451F2BCF7100E9BBD8 /* Swoosh */ = {
			isa = PBXGroup;
			children = (
				EEACEE5C1F2C38FB00E9BBD8 /* Model */,
				EEACEE581F2C021500E9BBD8 /* View */,
				EEACEE5B1F2C38EF00E9BBD8 /* Controller */,
				EEACEE461F2BCF7100E9BBD8 /* AppDelegate.swift */,
				EEACEE4A1F2BCF7100E9BBD8 /* Main.storyboard */,
				EEACEE4D1F2BCF7100E9BBD8 /* Assets.xcassets */,
				EEACEE4F1F2BCF7100E9BBD8 /* LaunchScreen.storyboard */,
				EEACEE521F2BCF7100E9BBD8 /* Info.plist */,
			);
			path = Swoosh;
			sourceTree = "<group>";
		};
		EEACEE581F2C021500E9BBD8 /* View */ = {
			isa = PBXGroup;
			children = (
				EEACEE591F2C02AA00E9BBD8 /* BorderButton.swift */,
			);
			path = View;
			sourceTree = "<group>";
		};
		EEACEE5B1F2C38EF00E9BBD8 /* Controller */ = {
			isa = PBXGroup;
			children = (
				EEACEE481F2BCF7100E9BBD8 /* WelcomeVC.swift */,
				EEACEE5D1F2C39B400E9BBD8 /* LeagueVC.swift */,
				EEACEE5F1F2C39CA00E9BBD8 /* SkillVC.swift */,
			);
			path = Controller;
			sourceTree = "<group>";
		};
		EEACEE5C1F2C38FB00E9BBD8 /* Model */ = {
			isa = PBXGroup;
			children = (
				EEACEE611F2C3FDF00E9BBD8 /* Player.swift */,
			);
			path = Model;
			sourceTree = "<group>";
		};
/* End PBXGroup section */

/* Begin PBXNativeTarget section */
		EEACEE421F2BCF7000E9BBD8 /* Swoosh */ = {
			isa = PBXNativeTarget;
			buildConfigurationList = EEACEE551F2BCF7100E9BBD8 /* Build configuration list for PBXNativeTarget "Swoosh" */;
			buildPhases = (
				EEACEE3F1F2BCF7000E9BBD8 /* Sources */,
				EEACEE401F2BCF7000E9BBD8 /* Frameworks */,
				EEACEE411F2BCF7000E9BBD8 /* Resources */,
			);
			buildRules = (
			);
			dependencies = (
			);
			name = Swoosh;
			productName = Swoosh;
			productReference = EEACEE431F2BCF7100E9BBD8 /* Swoosh.app */;
			productType = "com.apple.product-type.application";
		};
/* End PBXNativeTarget section */

/* Begin PBXProject section */
		EEACEE3B1F2BCF7000E9BBD8 /* Project object */ = {
			isa = PBXProject;
			attributes = {
				LastSwiftUpdateCheck = 0900;
				LastUpgradeCheck = 0900;
				ORGANIZATIONNAME = "Matthew Tripodi";
				TargetAttributes = {
					EEACEE421F2BCF7000E9BBD8 = {
						CreatedOnToolsVersion = 9.0;
					};
				};
			};
			buildConfigurationList = EEACEE3E1F2BCF7000E9BBD8 /* Build configuration list for PBXProject "Swoosh" */;
			compatibilityVersion = "Xcode 8.0";
			developmentRegion = en;
			hasScannedForEncodings = 0;
			knownRegions = (
				en,
				Base,
			);
			mainGroup = EEACEE3A1F2BCF7000E9BBD8;
			productRefGroup = EEACEE441F2BCF7100E9BBD8 /* Products */;
			projectDirPath = "";
			projectRoot = "";
			targets = (
				EEACEE421F2BCF7000E9BBD8 /* Swoosh */,
			);
		};
/* End PBXProject section */

/* Begin PBXResourcesBuildPhase section */
		EEACEE411F2BCF7000E9BBD8 /* Resources */ = {
			isa = PBXResourcesBuildPhase;
			buildActionMask = 2147483647;
			files = (
				EEACEE511F2BCF7100E9BBD8 /* LaunchScreen.storyboard in Resources */,
				EEACEE4E1F2BCF7100E9BBD8 /* Assets.xcassets in Resources */,
				EEACEE4C1F2BCF7100E9BBD8 /* Main.storyboard in Resources */,
			);
			runOnlyForDeploymentPostprocessing = 0;
		};
/* End PBXResourcesBuildPhase section */

/* Begin PBXSourcesBuildPhase section */
		EEACEE3F1F2BCF7000E9BBD8 /* Sources */ = {
			isa = PBXSourcesBuildPhase;
			buildActionMask = 2147483647;
			files = (
				EEACEE491F2BCF7100E9BBD8 /* WelcomeVC.swift in Sources */,
				EEACEE5E1F2C39B400E9BBD8 /* LeagueVC.swift in Sources */,
				EEACEE471F2BCF7100E9BBD8 /* AppDelegate.swift in Sources */,
				EEACEE601F2C39CA00E9BBD8 /* SkillVC.swift in Sources */,
				EEACEE621F2C3FDF00E9BBD8 /* Player.swift in Sources */,
				EEACEE5A1F2C02AA00E9BBD8 /* BorderButton.swift in Sources */,
			);
			runOnlyForDeploymentPostprocessing = 0;
		};
/* End PBXSourcesBuildPhase section */

/* Begin PBXVariantGroup section */
		EEACEE4A1F2BCF7100E9BBD8 /* Main.storyboard */ = {
			isa = PBXVariantGroup;
			children = (
				EEACEE4B1F2BCF7100E9BBD8 /* Base */,
			);
			name = Main.storyboard;
			sourceTree = "<group>";
		};
		EEACEE4F1F2BCF7100E9BBD8 /* LaunchScreen.storyboard */ = {
			isa = PBXVariantGroup;
			children = (
				EEACEE501F2BCF7100E9BBD8 /* Base */,
			);
			name = LaunchScreen.storyboard;
			sourceTree = "<group>";
		};
/* End PBXVariantGroup section */

/* Begin XCBuildConfiguration section */
		EEACEE531F2BCF7100E9BBD8 /* Debug */ = {
			isa = XCBuildConfiguration;
			buildSettings = {
				ALWAYS_SEARCH_USER_PATHS = NO;
				CLANG_ANALYZER_NONNULL = YES;
				CLANG_ANALYZER_NUMBER_OBJECT_CONVERSION = YES_AGGRESSIVE;
				CLANG_CXX_LANGUAGE_STANDARD = "gnu++14";
				CLANG_CXX_LIBRARY = "libc++";
				CLANG_ENABLE_MODULES = YES;
				CLANG_ENABLE_OBJC_ARC = YES;
				CLANG_WARN_BLOCK_CAPTURE_AUTORELEASING = YES;
				CLANG_WARN_BOOL_CONVERSION = YES;
				CLANG_WARN_COMMA = YES;
				CLANG_WARN_CONSTANT_CONVERSION = YES;
				CLANG_WARN_DIRECT_OBJC_ISA_USAGE = YES_ERROR;
				CLANG_WARN_DOCUMENTATION_COMMENTS = YES;
				CLANG_WARN_EMPTY_BODY = YES;
				CLANG_WARN_ENUM_CONVERSION = YES;
				CLANG_WARN_INFINITE_RECURSION = YES;
				CLANG_WARN_INT_CONVERSION = YES;
				CLANG_WARN_NON_LITERAL_NULL_CONVERSION = YES;
				CLANG_WARN_OBJC_LITERAL_CONVERSION = YES;
				CLANG_WARN_OBJC_ROOT_CLASS = YES_ERROR;
				CLANG_WARN_RANGE_LOOP_ANALYSIS = YES;
				CLANG_WARN_STRICT_PROTOTYPES = YES;
				CLANG_WARN_SUSPICIOUS_MOVE = YES;
				CLANG_WARN_UNGUARDED_AVAILABILITY = YES_AGGRESSIVE;
				CLANG_WARN_UNREACHABLE_CODE = YES;
				CLANG_WARN__DUPLICATE_METHOD_MATCH = YES;
				CODE_SIGN_IDENTITY = "iPhone Developer";
				COPY_PHASE_STRIP = NO;
				DEBUG_INFORMATION_FORMAT = dwarf;
				ENABLE_STRICT_OBJC_MSGSEND = YES;
				ENABLE_TESTABILITY = YES;
				GCC_C_LANGUAGE_STANDARD = gnu11;
				GCC_DYNAMIC_NO_PIC = NO;
				GCC_NO_COMMON_BLOCKS = YES;
				GCC_OPTIMIZATION_LEVEL = 0;
				GCC_PREPROCESSOR_DEFINITIONS = (
					"DEBUG=1",
					"$(inherited)",
				);
				GCC_WARN_64_TO_32_BIT_CONVERSION = YES;
				GCC_WARN_ABOUT_RETURN_TYPE = YES_ERROR;
				GCC_WARN_UNDECLARED_SELECTOR = YES;
				GCC_WARN_UNINITIALIZED_AUTOS = YES_AGGRESSIVE;
				GCC_WARN_UNUSED_FUNCTION = YES;
				GCC_WARN_UNUSED_VARIABLE = YES;
				IPHONEOS_DEPLOYMENT_TARGET = 11.0;
				MTL_ENABLE_DEBUG_INFO = YES;
				ONLY_ACTIVE_ARCH = YES;
				SDKROOT = iphoneos;
				SWIFT_ACTIVE_COMPILATION_CONDITIONS = DEBUG;
				SWIFT_OPTIMIZATION_LEVEL = "-Onone";
			};
			name = Debug;
		};
		EEACEE541F2BCF7100E9BBD8 /* Release */ = {
			isa = XCBuildConfiguration;
			buildSettings = {
				ALWAYS_SEARCH_USER_PATHS = NO;
				CLANG_ANALYZER_NONNULL = YES;
				CLANG_ANALYZER_NUMBER_OBJECT_CONVERSION = YES_AGGRESSIVE;
				CLANG_CXX_LANGUAGE_STANDARD = "gnu++14";
				CLANG_CXX_LIBRARY = "libc++";
				CLANG_ENABLE_MODULES = YES;
				CLANG_ENABLE_OBJC_ARC = YES;
				CLANG_WARN_BLOCK_CAPTURE_AUTORELEASING = YES;
				CLANG_WARN_BOOL_CONVERSION = YES;
				CLANG_WARN_COMMA = YES;
				CLANG_WARN_CONSTANT_CONVERSION = YES;
				CLANG_WARN_DIRECT_OBJC_ISA_USAGE = YES_ERROR;
				CLANG_WARN_DOCUMENTATION_COMMENTS = YES;
				CLANG_WARN_EMPTY_BODY = YES;
				CLANG_WARN_ENUM_CONVERSION = YES;
				CLANG_WARN_INFINITE_RECURSION = YES;
				CLANG_WARN_INT_CONVERSION = YES;
				CLANG_WARN_NON_LITERAL_NULL_CONVERSION = YES;
				CLANG_WARN_OBJC_LITERAL_CONVERSION = YES;
				CLANG_WARN_OBJC_ROOT_CLASS = YES_ERROR;
				CLANG_WARN_RANGE_LOOP_ANALYSIS = YES;
				CLANG_WARN_STRICT_PROTOTYPES = YES;
				CLANG_WARN_SUSPICIOUS_MOVE = YES;
				CLANG_WARN_UNGUARDED_AVAILABILITY = YES_AGGRESSIVE;
				CLANG_WARN_UNREACHABLE_CODE = YES;
				CLANG_WARN__DUPLICATE_METHOD_MATCH = YES;
				CODE_SIGN_IDENTITY = "iPhone Developer";
				COPY_PHASE_STRIP = NO;
				DEBUG_INFORMATION_FORMAT = "dwarf-with-dsym";
				ENABLE_NS_ASSERTIONS = NO;
				ENABLE_STRICT_OBJC_MSGSEND = YES;
				GCC_C_LANGUAGE_STANDARD = gnu11;
				GCC_NO_COMMON_BLOCKS = YES;
				GCC_WARN_64_TO_32_BIT_CONVERSION = YES;
				GCC_WARN_ABOUT_RETURN_TYPE = YES_ERROR;
				GCC_WARN_UNDECLARED_SELECTOR = YES;
				GCC_WARN_UNINITIALIZED_AUTOS = YES_AGGRESSIVE;
				GCC_WARN_UNUSED_FUNCTION = YES;
				GCC_WARN_UNUSED_VARIABLE = YES;
				IPHONEOS_DEPLOYMENT_TARGET = 11.0;
				MTL_ENABLE_DEBUG_INFO = NO;
				SDKROOT = iphoneos;
				SWIFT_OPTIMIZATION_LEVEL = "-Owholemodule";
				VALIDATE_PRODUCT = YES;
			};
			name = Release;
		};
		EEACEE561F2BCF7100E9BBD8 /* Debug */ = {
			isa = XCBuildConfiguration;
			buildSettings = {
				ASSETCATALOG_COMPILER_APPICON_NAME = AppIcon;
				DEVELOPMENT_TEAM = J5P95JSAVD;
				INFOPLIST_FILE = Swoosh/Info.plist;
				LD_RUNPATH_SEARCH_PATHS = "$(inherited) @executable_path/Frameworks";
				PRODUCT_BUNDLE_IDENTIFIER = com.matthewtripodi.Swoosh;
				PRODUCT_NAME = "$(TARGET_NAME)";
				SWIFT_VERSION = 4.0;
				TARGETED_DEVICE_FAMILY = "1,2";
			};
			name = Debug;
		};
		EEACEE571F2BCF7100E9BBD8 /* Release */ = {
			isa = XCBuildConfiguration;
			buildSettings = {
				ASSETCATALOG_COMPILER_APPICON_NAME = AppIcon;
				DEVELOPMENT_TEAM = J5P95JSAVD;
				INFOPLIST_FILE = Swoosh/Info.plist;
				LD_RUNPATH_SEARCH_PATHS = "$(inherited) @executable_path/Frameworks";
				PRODUCT_BUNDLE_IDENTIFIER = com.matthewtripodi.Swoosh;
				PRODUCT_NAME = "$(TARGET_NAME)";
				SWIFT_VERSION = 4.0;
				TARGETED_DEVICE_FAMILY = "1,2";
			};
			name = Release;
		};
/* End XCBuildConfiguration section */

/* Begin XCConfigurationList section */
		EEACEE3E1F2BCF7000E9BBD8 /* Build configuration list for PBXProject "Swoosh" */ = {
			isa = XCConfigurationList;
			buildConfigurations = (
				EEACEE531F2BCF7100E9BBD8 /* Debug */,
				EEACEE541F2BCF7100E9BBD8 /* Release */,
			);
			defaultConfigurationIsVisible = 0;
			defaultConfigurationName = Release;
		};
		EEACEE551F2BCF7100E9BBD8 /* Build configuration list for PBXNativeTarget "Swoosh" */ = {
			isa = XCConfigurationList;
			buildConfigurations = (
				EEACEE561F2BCF7100E9BBD8 /* Debug */,
				EEACEE571F2BCF7100E9BBD8 /* Release */,
			);
			defaultConfigurationIsVisible = 0;
			defaultConfigurationName = Release;
		};
/* End XCConfigurationList section */
	};
	rootObject = EEACEE3B1F2BCF7000E9BBD8 /* Project object */;
}
